
Microsoft Visual Studio Solution File, Format Version 12.00
# Visual Studio 14
VisualStudioVersion = 14.0.25420.1
MinimumVisualStudioVersion = 10.0.40219.1
Project("{FAE04EC0-301F-11D3-BF4B-00C04F79EFBC}") = "第一章输出", "第一章\第一章输出.csproj", "{B85B0306-1C22-45C0-8200-B7BF81363D8F}"
EndProject
Project("{FAE04EC0-301F-11D3-BF4B-00C04F79EFBC}") = "第二章运算", "第二章\第二章运算.csproj", "{3DDA945A-E67C-4F90-9FA8-87732741E609}"
EndProject
Project("{FAE04EC0-301F-11D3-BF4B-00C04F79EFBC}") = "第三章分支", "第三章\第三章分支.csproj", "{3104B71B-DEBD-461F-9F52-B4FAD8CCAB74}"
EndProject
Project("{FAE04EC0-301F-11D3-BF4B-00C04F79EFBC}") = "第四章 复杂选择", "第四章 复杂选择\第四章 复杂选择.csproj", "{69156398-A4CA-41F4-ADCA-3E74C8C91698}"
EndProject
Project("{FAE04EC0-301F-11D3-BF4B-00C04F79EFBC}") = "第六章 for循环", "第六章 for循环\第六章 for循环.csproj", "{39B4460B-BE45-42F4-BEBD-B2A42A3C17FE}"
EndProject
Project("{FAE04EC0-301F-11D3-BF4B-00C04F79EFBC}") = "第五章 while、do while循环", "第五章 while、do while循环\第五章 while、do while循环.csproj", "{340769DA-B91E-4BEC-829C-CC687DDC7AF1}"
EndProject
Project("{FAE04EC0-301F-11D3-BF4B-00C04F79EFBC}") = "第七章 数组", "第七章 数组\第七章 数组.csproj", "{8F730A7A-82C5-48A1-BE40-BBD99C9F6DFD}"
EndProject
Project("{FAE04EC0-301F-11D3-BF4B-00C04F79EFBC}") = "第八章 抽奖系统", "第八章 抽奖系统\第八章 抽奖系统.csproj", "{F4A8D2B5-E12A-4852-936F-A8FF68BBEBC5}"
EndProject
Project("{FAE04EC0-301F-11D3-BF4B-00C04F79EFBC}") = "第九章 多重循环", "第九章 多重循环\第九章 多重循环.csproj", "{6D46AA55-ECB0-45EE-B50E-7FF82FE6C43B}"
EndProject
Project("{FAE04EC0-301F-11D3-BF4B-00C04F79EFBC}") = "第十章 类和对象", "第十章 类和对象\第十章 类和对象.csproj", "{93CF6205-2C3B-47C5-9312-01BBBC66A279}"
EndProject
Project("{FAE04EC0-301F-11D3-BF4B-00C04F79EFBC}") = "第十一章 无参方法", "第十一章 无参方法\第十一章 无参方法.csproj", "{21FC209A-9162-4026-888A-817BE38183F9}"
EndProject
Project("{FAE04EC0-301F-11D3-BF4B-00C04F79EFBC}") = "第十二章 猜拳游戏", "第十二章 猜拳游戏\第十二章 猜拳游戏.csproj", "{BDAD1400-D821-44B7-823C-E3E483848A40}"
EndProject
Project("{FAE04EC0-301F-11D3-BF4B-00C04F79EFBC}") = "第十三章 有参方法", "第十三章 有参方法\第十三章 有参方法.csproj", "{3B14DDAD-F793-4E65-BF63-874188225A14}"
EndProject
Project("{FAE04EC0-301F-11D3-BF4B-00C04F79EFBC}") = "第十四章 对象作为参数", "第十四章 对象作为参数\第十四章 对象作为参数.csproj", "{AF00366B-5A89-4968-AE25-C74D932CC11F}"
EndProject
Project("{FAE04EC0-301F-11D3-BF4B-00C04F79EFBC}") = "第十五章 DVD租借系统", "第十五章 DVD租借系统\第十五章 DVD租借系统.csproj", "{421E803B-C741-4A91-8BD6-BCBB0F9B4421}"
EndProject
Project("{FAE04EC0-301F-11D3-BF4B-00C04F79EFBC}") = "ado.net", "ado.net\ado.net.csproj", "{AB798695-27AA-42E7-8C4E-2F62F50C77A6}"
EndProject
Project("{FAE04EC0-301F-11D3-BF4B-00C04F79EFBC}") = "MySchoolBase", "MySchoolBase\MySchoolBase.csproj", "{F5A71D81-C5A9-42A5-A61A-BA58CF1208A8}"
EndProject
Project("{FAE04EC0-301F-11D3-BF4B-00C04F79EFBC}") = "QQ", "QQ\QQ.csproj", "{0E9E59FD-8E16-4F60-9614-591EE1A9D507}"
EndProject
Project("{FAE04EC0-301F-11D3-BF4B-00C04F79EFBC}") = "窗体应用程序", "窗体应用程序\窗体应用程序.csproj", "{72C16A9E-DF87-42BC-978D-A96075E43AF2}"
EndProject
Project("{FAE04EC0-301F-11D3-BF4B-00C04F79EFBC}") = "大小图标切换", "大小图标切换\大小图标切换.csproj", "{57A0DF92-0B31-44CF-BF9D-A2A67FB26F1B}"
EndProject
Project("{FAE04EC0-301F-11D3-BF4B-00C04F79EFBC}") = "枚举类", "枚举类\枚举类.csproj", "{2D617B12-E9DF-4E5C-89A3-B3A5B80C4C9B}"
EndProject
Project("{FAE04EC0-301F-11D3-BF4B-00C04F79EFBC}") = "计时器练习", "计时器练习\计时器练习.csproj", "{89FE4CB7-4C63-4475-8B9E-374A1892C6A6}"
EndProject
Project("{FAE04EC0-301F-11D3-BF4B-00C04F79EFBC}") = "Ticket", "Ticket\Ticket.csproj", "{25BCA4B4-3AD7-4842-AD3D-C7491491EB1B}"
EndProject
Project("{FAE04EC0-301F-11D3-BF4B-00C04F79EFBC}") = "方法重载", "方法重载\方法重载.csproj", "{5A85E570-8581-4D81-82CA-84C780702A61}"
EndProject
Project("{FAE04EC0-301F-11D3-BF4B-00C04F79EFBC}") = "Cook", "练习4：模拟客户点餐\Cook\Cook\Cook.csproj", "{32B5D2C8-CEF6-4CDE-88A8-338C79319369}"
EndProject
Project("{FAE04EC0-301F-11D3-BF4B-00C04F79EFBC}") = "继承", "继承\继承.csproj", "{761654CD-94B3-4ACD-ADEE-70C2A39C81F3}"
EndProject
Project("{FAE04EC0-301F-11D3-BF4B-00C04F79EFBC}") = "MyOffice", "MyOffice\MyOffice.csproj", "{8EFFA6BA-612D-47A6-AED9-AF85A8BA5A45}"
EndProject
Project("{FAE04EC0-301F-11D3-BF4B-00C04F79EFBC}") = "计算器", "计算器\计算器.csproj", "{FA34ABCD-7608-41D9-9088-ACE8EE806C5A}"
EndProject
Global
	GlobalSection(SolutionConfigurationPlatforms) = preSolution
		Debug|Any CPU = Debug|Any CPU
		Release|Any CPU = Release|Any CPU
	EndGlobalSection
	GlobalSection(ProjectConfigurationPlatforms) = postSolution
		{B85B0306-1C22-45C0-8200-B7BF81363D8F}.Debug|Any CPU.ActiveCfg = Debug|Any CPU
		{B85B0306-1C22-45C0-8200-B7BF81363D8F}.Debug|Any CPU.Build.0 = Debug|Any CPU
		{B85B0306-1C22-45C0-8200-B7BF81363D8F}.Release|Any CPU.ActiveCfg = Release|Any CPU
		{B85B0306-1C22-45C0-8200-B7BF81363D8F}.Release|Any CPU.Build.0 = Release|Any CPU
		{3DDA945A-E67C-4F90-9FA8-87732741E609}.Debug|Any CPU.ActiveCfg = Debug|Any CPU
		{3DDA945A-E67C-4F90-9FA8-87732741E609}.Debug|Any CPU.Build.0 = Debug|Any CPU
		{3DDA945A-E67C-4F90-9FA8-87732741E609}.Release|Any CPU.ActiveCfg = Release|Any CPU
		{3DDA945A-E67C-4F90-9FA8-87732741E609}.Release|Any CPU.Build.0 = Release|Any CPU
		{3104B71B-DEBD-461F-9F52-B4FAD8CCAB74}.Debug|Any CPU.ActiveCfg = Debug|Any CPU
		{3104B71B-DEBD-461F-9F52-B4FAD8CCAB74}.Debug|Any CPU.Build.0 = Debug|Any CPU
		{3104B71B-DEBD-461F-9F52-B4FAD8CCAB74}.Release|Any CPU.ActiveCfg = Release|Any CPU
		{3104B71B-DEBD-461F-9F52-B4FAD8CCAB74}.Release|Any CPU.Build.0 = Release|Any CPU
		{69156398-A4CA-41F4-ADCA-3E74C8C91698}.Debug|Any CPU.ActiveCfg = Debug|Any CPU
		{69156398-A4CA-41F4-ADCA-3E74C8C91698}.Debug|Any CPU.Build.0 = Debug|Any CPU
		{69156398-A4CA-41F4-ADCA-3E74C8C91698}.Release|Any CPU.ActiveCfg = Release|Any CPU
		{69156398-A4CA-41F4-ADCA-3E74C8C91698}.Release|Any CPU.Build.0 = Release|Any CPU
		{39B4460B-BE45-42F4-BEBD-B2A42A3C17FE}.Debug|Any CPU.ActiveCfg = Debug|Any CPU
		{39B4460B-BE45-42F4-BEBD-B2A42A3C17FE}.Debug|Any CPU.Build.0 = Debug|Any CPU
		{39B4460B-BE45-42F4-BEBD-B2A42A3C17FE}.Release|Any CPU.ActiveCfg = Release|Any CPU
		{39B4460B-BE45-42F4-BEBD-B2A42A3C17FE}.Release|Any CPU.Build.0 = Release|Any CPU
		{340769DA-B91E-4BEC-829C-CC687DDC7AF1}.Debug|Any CPU.ActiveCfg = Debug|Any CPU
		{340769DA-B91E-4BEC-829C-CC687DDC7AF1}.Debug|Any CPU.Build.0 = Debug|Any CPU
		{340769DA-B91E-4BEC-829C-CC687DDC7AF1}.Release|Any CPU.ActiveCfg = Release|Any CPU
		{340769DA-B91E-4BEC-829C-CC687DDC7AF1}.Release|Any CPU.Build.0 = Release|Any CPU
		{8F730A7A-82C5-48A1-BE40-BBD99C9F6DFD}.Debug|Any CPU.ActiveCfg = Debug|Any CPU
		{8F730A7A-82C5-48A1-BE40-BBD99C9F6DFD}.Debug|Any CPU.Build.0 = Debug|Any CPU
		{8F730A7A-82C5-48A1-BE40-BBD99C9F6DFD}.Release|Any CPU.ActiveCfg = Release|Any CPU
		{8F730A7A-82C5-48A1-BE40-BBD99C9F6DFD}.Release|Any CPU.Build.0 = Release|Any CPU
		{F4A8D2B5-E12A-4852-936F-A8FF68BBEBC5}.Debug|Any CPU.ActiveCfg = Debug|Any CPU
		{F4A8D2B5-E12A-4852-936F-A8FF68BBEBC5}.Debug|Any CPU.Build.0 = Debug|Any CPU
		{F4A8D2B5-E12A-4852-936F-A8FF68BBEBC5}.Release|Any CPU.ActiveCfg = Release|Any CPU
		{F4A8D2B5-E12A-4852-936F-A8FF68BBEBC5}.Release|Any CPU.Build.0 = Release|Any CPU
		{6D46AA55-ECB0-45EE-B50E-7FF82FE6C43B}.Debug|Any CPU.ActiveCfg = Debug|Any CPU
		{6D46AA55-ECB0-45EE-B50E-7FF82FE6C43B}.Debug|Any CPU.Build.0 = Debug|Any CPU
		{6D46AA55-ECB0-45EE-B50E-7FF82FE6C43B}.Release|Any CPU.ActiveCfg = Release|Any CPU
		{6D46AA55-ECB0-45EE-B50E-7FF82FE6C43B}.Release|Any CPU.Build.0 = Release|Any CPU
		{93CF6205-2C3B-47C5-9312-01BBBC66A279}.Debug|Any CPU.ActiveCfg = Debug|Any CPU
		{93CF6205-2C3B-47C5-9312-01BBBC66A279}.Debug|Any CPU.Build.0 = Debug|Any CPU
		{93CF6205-2C3B-47C5-9312-01BBBC66A279}.Release|Any CPU.ActiveCfg = Release|Any CPU
		{93CF6205-2C3B-47C5-9312-01BBBC66A279}.Release|Any CPU.Build.0 = Release|Any CPU
		{21FC209A-9162-4026-888A-817BE38183F9}.Debug|Any CPU.ActiveCfg = Debug|Any CPU
		{21FC209A-9162-4026-888A-817BE38183F9}.Debug|Any CPU.Build.0 = Debug|Any CPU
		{21FC209A-9162-4026-888A-817BE38183F9}.Release|Any CPU.ActiveCfg = Release|Any CPU
		{21FC209A-9162-4026-888A-817BE38183F9}.Release|Any CPU.Build.0 = Release|Any CPU
		{BDAD1400-D821-44B7-823C-E3E483848A40}.Debug|Any CPU.ActiveCfg = Debug|Any CPU
		{BDAD1400-D821-44B7-823C-E3E483848A40}.Debug|Any CPU.Build.0 = Debug|Any CPU
		{BDAD1400-D821-44B7-823C-E3E483848A40}.Release|Any CPU.ActiveCfg = Release|Any CPU
		{BDAD1400-D821-44B7-823C-E3E483848A40}.Release|Any CPU.Build.0 = Release|Any CPU
		{3B14DDAD-F793-4E65-BF63-874188225A14}.Debug|Any CPU.ActiveCfg = Debug|Any CPU
		{3B14DDAD-F793-4E65-BF63-874188225A14}.Debug|Any CPU.Build.0 = Debug|Any CPU
		{3B14DDAD-F793-4E65-BF63-874188225A14}.Release|Any CPU.ActiveCfg = Release|Any CPU
		{3B14DDAD-F793-4E65-BF63-874188225A14}.Release|Any CPU.Build.0 = Release|Any CPU
		{AF00366B-5A89-4968-AE25-C74D932CC11F}.Debug|Any CPU.ActiveCfg = Debug|Any CPU
		{AF00366B-5A89-4968-AE25-C74D932CC11F}.Debug|Any CPU.Build.0 = Debug|Any CPU
		{AF00366B-5A89-4968-AE25-C74D932CC11F}.Release|Any CPU.ActiveCfg = Release|Any CPU
		{AF00366B-5A89-4968-AE25-C74D932CC11F}.Release|Any CPU.Build.0 = Release|Any CPU
		{421E803B-C741-4A91-8BD6-BCBB0F9B4421}.Debug|Any CPU.ActiveCfg = Debug|Any CPU
		{421E803B-C741-4A91-8BD6-BCBB0F9B4421}.Debug|Any CPU.Build.0 = Debug|Any CPU
		{421E803B-C741-4A91-8BD6-BCBB0F9B4421}.Release|Any CPU.ActiveCfg = Release|Any CPU
		{421E803B-C741-4A91-8BD6-BCBB0F9B4421}.Release|Any CPU.Build.0 = Release|Any CPU
		{AB798695-27AA-42E7-8C4E-2F62F50C77A6}.Debug|Any CPU.ActiveCfg = Debug|Any CPU
		{AB798695-27AA-42E7-8C4E-2F62F50C77A6}.Debug|Any CPU.Build.0 = Debug|Any CPU
		{AB798695-27AA-42E7-8C4E-2F62F50C77A6}.Release|Any CPU.ActiveCfg = Release|Any CPU
		{AB798695-27AA-42E7-8C4E-2F62F50C77A6}.Release|Any CPU.Build.0 = Release|Any CPU
		{F5A71D81-C5A9-42A5-A61A-BA58CF1208A8}.Debug|Any CPU.ActiveCfg = Debug|Any CPU
		{F5A71D81-C5A9-42A5-A61A-BA58CF1208A8}.Debug|Any CPU.Build.0 = Debug|Any CPU
		{F5A71D81-C5A9-42A5-A61A-BA58CF1208A8}.Release|Any CPU.ActiveCfg = Release|Any CPU
		{F5A71D81-C5A9-42A5-A61A-BA58CF1208A8}.Release|Any CPU.Build.0 = Release|Any CPU
		{0E9E59FD-8E16-4F60-9614-591EE1A9D507}.Debug|Any CPU.ActiveCfg = Debug|Any CPU
		{0E9E59FD-8E16-4F60-9614-591EE1A9D507}.Debug|Any CPU.Build.0 = Debug|Any CPU
		{0E9E59FD-8E16-4F60-9614-591EE1A9D507}.Release|Any CPU.ActiveCfg = Release|Any CPU
		{0E9E59FD-8E16-4F60-9614-591EE1A9D507}.Release|Any CPU.Build.0 = Release|Any CPU
		{72C16A9E-DF87-42BC-978D-A96075E43AF2}.Debug|Any CPU.ActiveCfg = Debug|Any CPU
		{72C16A9E-DF87-42BC-978D-A96075E43AF2}.Debug|Any CPU.Build.0 = Debug|Any CPU
		{72C16A9E-DF87-42BC-978D-A96075E43AF2}.Release|Any CPU.ActiveCfg = Release|Any CPU
		{72C16A9E-DF87-42BC-978D-A96075E43AF2}.Release|Any CPU.Build.0 = Release|Any CPU
		{57A0DF92-0B31-44CF-BF9D-A2A67FB26F1B}.Debug|Any CPU.ActiveCfg = Debug|Any CPU
		{57A0DF92-0B31-44CF-BF9D-A2A67FB26F1B}.Debug|Any CPU.Build.0 = Debug|Any CPU
		{57A0DF92-0B31-44CF-BF9D-A2A67FB26F1B}.Release|Any CPU.ActiveCfg = Release|Any CPU
		{57A0DF92-0B31-44CF-BF9D-A2A67FB26F1B}.Release|Any CPU.Build.0 = Release|Any CPU
		{2D617B12-E9DF-4E5C-89A3-B3A5B80C4C9B}.Debug|Any CPU.ActiveCfg = Debug|Any CPU
		{2D617B12-E9DF-4E5C-89A3-B3A5B80C4C9B}.Debug|Any CPU.Build.0 = Debug|Any CPU
		{2D617B12-E9DF-4E5C-89A3-B3A5B80C4C9B}.Release|Any CPU.ActiveCfg = Release|Any CPU
		{2D617B12-E9DF-4E5C-89A3-B3A5B80C4C9B}.Release|Any CPU.Build.0 = Release|Any CPU
		{89FE4CB7-4C63-4475-8B9E-374A1892C6A6}.Debug|Any CPU.ActiveCfg = Debug|Any CPU
		{89FE4CB7-4C63-4475-8B9E-374A1892C6A6}.Debug|Any CPU.Build.0 = Debug|Any CPU
		{89FE4CB7-4C63-4475-8B9E-374A1892C6A6}.Release|Any CPU.ActiveCfg = Release|Any CPU
		{89FE4CB7-4C63-4475-8B9E-374A1892C6A6}.Release|Any CPU.Build.0 = Release|Any CPU
		{25BCA4B4-3AD7-4842-AD3D-C7491491EB1B}.Debug|Any CPU.ActiveCfg = Debug|Any CPU
		{25BCA4B4-3AD7-4842-AD3D-C7491491EB1B}.Debug|Any CPU.Build.0 = Debug|Any CPU
		{25BCA4B4-3AD7-4842-AD3D-C7491491EB1B}.Release|Any CPU.ActiveCfg = Release|Any CPU
		{25BCA4B4-3AD7-4842-AD3D-C7491491EB1B}.Release|Any CPU.Build.0 = Release|Any CPU
		{5A85E570-8581-4D81-82CA-84C780702A61}.Debug|Any CPU.ActiveCfg = Debug|Any CPU
		{5A85E570-8581-4D81-82CA-84C780702A61}.Debug|Any CPU.Build.0 = Debug|Any CPU
		{5A85E570-8581-4D81-82CA-84C780702A61}.Release|Any CPU.ActiveCfg = Release|Any CPU
		{5A85E570-8581-4D81-82CA-84C780702A61}.Release|Any CPU.Build.0 = Release|Any CPU
		{32B5D2C8-CEF6-4CDE-88A8-338C79319369}.Debug|Any CPU.ActiveCfg = Debug|Any CPU
		{32B5D2C8-CEF6-4CDE-88A8-338C79319369}.Debug|Any CPU.Build.0 = Debug|Any CPU
		{32B5D2C8-CEF6-4CDE-88A8-338C79319369}.Release|Any CPU.ActiveCfg = Release|Any CPU
		{32B5D2C8-CEF6-4CDE-88A8-338C79319369}.Release|Any CPU.Build.0 = Release|Any CPU
		{761654CD-94B3-4ACD-ADEE-70C2A39C81F3}.Debug|Any CPU.ActiveCfg = Debug|Any CPU
		{761654CD-94B3-4ACD-ADEE-70C2A39C81F3}.Debug|Any CPU.Build.0 = Debug|Any CPU
		{761654CD-94B3-4ACD-ADEE-70C2A39C81F3}.Release|Any CPU.ActiveCfg = Release|Any CPU
		{761654CD-94B3-4ACD-ADEE-70C2A39C81F3}.Release|Any CPU.Build.0 = Release|Any CPU
		{8EFFA6BA-612D-47A6-AED9-AF85A8BA5A45}.Debug|Any CPU.ActiveCfg = Debug|Any CPU
		{8EFFA6BA-612D-47A6-AED9-AF85A8BA5A45}.Debug|Any CPU.Build.0 = Debug|Any CPU
		{8EFFA6BA-612D-47A6-AED9-AF85A8BA5A45}.Release|Any CPU.ActiveCfg = Release|Any CPU
		{8EFFA6BA-612D-47A6-AED9-AF85A8BA5A45}.Release|Any CPU.Build.0 = Release|Any CPU
		{FA34ABCD-7608-41D9-9088-ACE8EE806C5A}.Debug|Any CPU.ActiveCfg = Debug|Any CPU
		{FA34ABCD-7608-41D9-9088-ACE8EE806C5A}.Debug|Any CPU.Build.0 = Debug|Any CPU
		{FA34ABCD-7608-41D9-9088-ACE8EE806C5A}.Release|Any CPU.ActiveCfg = Release|Any CPU
		{FA34ABCD-7608-41D9-9088-ACE8EE806C5A}.Release|Any CPU.Build.0 = Release|Any CPU
	EndGlobalSection
	GlobalSection(SolutionProperties) = preSolution
		HideSolutionNode = FALSE
	EndGlobalSection
EndGlobal
